
Microsoft Visual Studio Solution File, Format Version 12.00
# Visual Studio Version 16
VisualStudioVersion = 16.0.29424.173
MinimumVisualStudioVersion = 10.0.40219.1
Project("{9A19103F-16F7-4668-BE54-9A1E7A4F7556}") = "VehicleConfig", "VehicleConfig\VehicleConfig.csproj", "{82B5C4AF-270B-4AE6-8D41-AE1CCE8D81A7}"
EndProject
Project("{9A19103F-16F7-4668-BE54-9A1E7A4F7556}") = "PhotoAlbumArea", "PhotoAlbum\PhotoAlbumArea.csproj", "{DA39BA76-4DC9-4390-8FD7-9B8511ED3854}"
EndProject
Project("{9A19103F-16F7-4668-BE54-9A1E7A4F7556}") = "SportskiEkipi", "SportskiEkipi\SportskiEkipi.csproj", "{5236FA9B-FAA4-4990-8C50-6DE9C3F3880C}"
EndProject
Project("{9A19103F-16F7-4668-BE54-9A1E7A4F7556}") = "OldestPerson", "VEzba\OldestPerson.csproj", "{1DAA219C-250E-4600-ABBE-5D8C9519C063}"
EndProject
Project("{9A19103F-16F7-4668-BE54-9A1E7A4F7556}") = "Zoo", "TestZoo\Zoo.csproj", "{136DF7C3-DC77-4AE4-A6DB-DC0543FF4018}"
EndProject
Project("{9A19103F-16F7-4668-BE54-9A1E7A4F7556}") = "BeautyShop", "BeautyShop\BeautyShop.csproj", "{7D45EF4D-394B-4BB0-A23D-256218399E0E}"
EndProject
Project("{9A19103F-16F7-4668-BE54-9A1E7A4F7556}") = "Imot", "TestImot\Imot.csproj", "{FCAD51FC-1934-4012-992E-ED1B7C22649D}"
EndProject
Project("{9A19103F-16F7-4668-BE54-9A1E7A4F7556}") = "CheckBalance", "..\Proba\CheckBalance\CheckBalance.csproj", "{9B81F3B3-EC82-49DA-B71A-36372657C7D7}"
EndProject
Project("{9A19103F-16F7-4668-BE54-9A1E7A4F7556}") = "Contacts", "..\Proba\DELETEPROBA\Contacts.csproj", "{3ECDB16B-F437-49BD-BAD0-63FB50B00B9E}"
EndProject
Project("{9A19103F-16F7-4668-BE54-9A1E7A4F7556}") = "Firm", "..\1Project\7Project\Firm.csproj", "{7044C898-BF60-44DF-8A92-98ABE8AA3C49}"
EndProject
Project("{9A19103F-16F7-4668-BE54-9A1E7A4F7556}") = "Library", "..\1Project\Proba3\Library.csproj", "{93E60E5C-5B2A-44F5-8DBF-C20C1702B3C9}"
EndProject
Project("{9A19103F-16F7-4668-BE54-9A1E7A4F7556}") = "DDV", "..\1Project\9Project\DDV.csproj", "{C6BC283E-CB93-4811-BCA4-E7444969729D}"
EndProject
Project("{9A19103F-16F7-4668-BE54-9A1E7A4F7556}") = "BoxesProject", "..\1Project\BoxesProject\BoxesProject.csproj", "{8E4B2C5D-A959-4817-93CB-CB838913F88E}"
EndProject
Global
	GlobalSection(SolutionConfigurationPlatforms) = preSolution
		Debug|Any CPU = Debug|Any CPU
		Release|Any CPU = Release|Any CPU
	EndGlobalSection
	GlobalSection(ProjectConfigurationPlatforms) = postSolution
		{82B5C4AF-270B-4AE6-8D41-AE1CCE8D81A7}.Debug|Any CPU.ActiveCfg = Debug|Any CPU
		{82B5C4AF-270B-4AE6-8D41-AE1CCE8D81A7}.Debug|Any CPU.Build.0 = Debug|Any CPU
		{82B5C4AF-270B-4AE6-8D41-AE1CCE8D81A7}.Release|Any CPU.ActiveCfg = Release|Any CPU
		{82B5C4AF-270B-4AE6-8D41-AE1CCE8D81A7}.Release|Any CPU.Build.0 = Release|Any CPU
		{DA39BA76-4DC9-4390-8FD7-9B8511ED3854}.Debug|Any CPU.ActiveCfg = Debug|Any CPU
		{DA39BA76-4DC9-4390-8FD7-9B8511ED3854}.Debug|Any CPU.Build.0 = Debug|Any CPU
		{DA39BA76-4DC9-4390-8FD7-9B8511ED3854}.Release|Any CPU.ActiveCfg = Release|Any CPU
		{DA39BA76-4DC9-4390-8FD7-9B8511ED3854}.Release|Any CPU.Build.0 = Release|Any CPU
		{5236FA9B-FAA4-4990-8C50-6DE9C3F3880C}.Debug|Any CPU.ActiveCfg = Debug|Any CPU
		{5236FA9B-FAA4-4990-8C50-6DE9C3F3880C}.Debug|Any CPU.Build.0 = Debug|Any CPU
		{5236FA9B-FAA4-4990-8C50-6DE9C3F3880C}.Release|Any CPU.ActiveCfg = Release|Any CPU
		{5236FA9B-FAA4-4990-8C50-6DE9C3F3880C}.Release|Any CPU.Build.0 = Release|Any CPU
		{1DAA219C-250E-4600-ABBE-5D8C9519C063}.Debug|Any CPU.ActiveCfg = Debug|Any CPU
		{1DAA219C-250E-4600-ABBE-5D8C9519C063}.Debug|Any CPU.Build.0 = Debug|Any CPU
		{1DAA219C-250E-4600-ABBE-5D8C9519C063}.Release|Any CPU.ActiveCfg = Release|Any CPU
		{1DAA219C-250E-4600-ABBE-5D8C9519C063}.Release|Any CPU.Build.0 = Release|Any CPU
		{136DF7C3-DC77-4AE4-A6DB-DC0543FF4018}.Debug|Any CPU.ActiveCfg = Debug|Any CPU
		{136DF7C3-DC77-4AE4-A6DB-DC0543FF4018}.Debug|Any CPU.Build.0 = Debug|Any CPU
		{136DF7C3-DC77-4AE4-A6DB-DC0543FF4018}.Release|Any CPU.ActiveCfg = Release|Any CPU
		{136DF7C3-DC77-4AE4-A6DB-DC0543FF4018}.Release|Any CPU.Build.0 = Release|Any CPU
		{7D45EF4D-394B-4BB0-A23D-256218399E0E}.Debug|Any CPU.ActiveCfg = Debug|Any CPU
		{7D45EF4D-394B-4BB0-A23D-256218399E0E}.Debug|Any CPU.Build.0 = Debug|Any CPU
		{7D45EF4D-394B-4BB0-A23D-256218399E0E}.Release|Any CPU.ActiveCfg = Release|Any CPU
		{7D45EF4D-394B-4BB0-A23D-256218399E0E}.Release|Any CPU.Build.0 = Release|Any CPU
		{FCAD51FC-1934-4012-992E-ED1B7C22649D}.Debug|Any CPU.ActiveCfg = Debug|Any CPU
		{FCAD51FC-1934-4012-992E-ED1B7C22649D}.Debug|Any CPU.Build.0 = Debug|Any CPU
		{FCAD51FC-1934-4012-992E-ED1B7C22649D}.Release|Any CPU.ActiveCfg = Release|Any CPU
		{FCAD51FC-1934-4012-992E-ED1B7C22649D}.Release|Any CPU.Build.0 = Release|Any CPU
		{9B81F3B3-EC82-49DA-B71A-36372657C7D7}.Debug|Any CPU.ActiveCfg = Debug|Any CPU
		{9B81F3B3-EC82-49DA-B71A-36372657C7D7}.Debug|Any CPU.Build.0 = Debug|Any CPU
		{9B81F3B3-EC82-49DA-B71A-36372657C7D7}.Release|Any CPU.ActiveCfg = Release|Any CPU
		{9B81F3B3-EC82-49DA-B71A-36372657C7D7}.Release|Any CPU.Build.0 = Release|Any CPU
		{3ECDB16B-F437-49BD-BAD0-63FB50B00B9E}.Debug|Any CPU.ActiveCfg = Debug|Any CPU
		{3ECDB16B-F437-49BD-BAD0-63FB50B00B9E}.Debug|Any CPU.Build.0 = Debug|Any CPU
		{3ECDB16B-F437-49BD-BAD0-63FB50B00B9E}.Release|Any CPU.ActiveCfg = Release|Any CPU
		{3ECDB16B-F437-49BD-BAD0-63FB50B00B9E}.Release|Any CPU.Build.0 = Release|Any CPU
		{7044C898-BF60-44DF-8A92-98ABE8AA3C49}.Debug|Any CPU.ActiveCfg = Debug|Any CPU
		{7044C898-BF60-44DF-8A92-98ABE8AA3C49}.Debug|Any CPU.Build.0 = Debug|Any CPU
		{7044C898-BF60-44DF-8A92-98ABE8AA3C49}.Release|Any CPU.ActiveCfg = Release|Any CPU
		{7044C898-BF60-44DF-8A92-98ABE8AA3C49}.Release|Any CPU.Build.0 = Release|Any CPU
		{93E60E5C-5B2A-44F5-8DBF-C20C1702B3C9}.Debug|Any CPU.ActiveCfg = Debug|Any CPU
		{93E60E5C-5B2A-44F5-8DBF-C20C1702B3C9}.Debug|Any CPU.Build.0 = Debug|Any CPU
		{93E60E5C-5B2A-44F5-8DBF-C20C1702B3C9}.Release|Any CPU.ActiveCfg = Release|Any CPU
		{93E60E5C-5B2A-44F5-8DBF-C20C1702B3C9}.Release|Any CPU.Build.0 = Release|Any CPU
		{C6BC283E-CB93-4811-BCA4-E7444969729D}.Debug|Any CPU.ActiveCfg = Debug|Any CPU
		{C6BC283E-CB93-4811-BCA4-E7444969729D}.Debug|Any CPU.Build.0 = Debug|Any CPU
		{C6BC283E-CB93-4811-BCA4-E7444969729D}.Release|Any CPU.ActiveCfg = Release|Any CPU
		{C6BC283E-CB93-4811-BCA4-E7444969729D}.Release|Any CPU.Build.0 = Release|Any CPU
		{8E4B2C5D-A959-4817-93CB-CB838913F88E}.Debug|Any CPU.ActiveCfg = Debug|Any CPU
		{8E4B2C5D-A959-4817-93CB-CB838913F88E}.Debug|Any CPU.Build.0 = Debug|Any CPU
		{8E4B2C5D-A959-4817-93CB-CB838913F88E}.Release|Any CPU.ActiveCfg = Release|Any CPU
		{8E4B2C5D-A959-4817-93CB-CB838913F88E}.Release|Any CPU.Build.0 = Release|Any CPU
	EndGlobalSection
	GlobalSection(SolutionProperties) = preSolution
		HideSolutionNode = FALSE
	EndGlobalSection
	GlobalSection(ExtensibilityGlobals) = postSolution
		SolutionGuid = {5374B2EB-4132-4780-8830-3C22C267D805}
	EndGlobalSection
EndGlobal
