
Microsoft Visual Studio Solution File, Format Version 12.00
# Visual Studio Version 16
VisualStudioVersion = 16.0.29424.173
MinimumVisualStudioVersion = 10.0.40219.1
Project("{9A19103F-16F7-4668-BE54-9A1E7A4F7556}") = "TEST", "TEST\TEST.csproj", "{6EE06438-6C58-4D81-8F43-E8AC6F3EF782}"
EndProject
Project("{9A19103F-16F7-4668-BE54-9A1E7A4F7556}") = "MojDDV", "MojDDV\MojDDV.csproj", "{DA30F37C-4F17-4E89-9D06-D9459B246028}"
EndProject
Project("{9A19103F-16F7-4668-BE54-9A1E7A4F7556}") = "VehicleConfig", "VehicleConfig\VehicleConfig.csproj", "{82B5C4AF-270B-4AE6-8D41-AE1CCE8D81A7}"
EndProject
Project("{9A19103F-16F7-4668-BE54-9A1E7A4F7556}") = "PhotoAlbumArea", "PhotoAlbum\PhotoAlbumArea.csproj", "{DA39BA76-4DC9-4390-8FD7-9B8511ED3854}"
EndProject
Project("{9A19103F-16F7-4668-BE54-9A1E7A4F7556}") = "Student+Teacher", "Student+Teacher\Student+Teacher.csproj", "{E70231BF-E2D7-4233-991B-CD457F6B14B6}"
EndProject
Project("{9A19103F-16F7-4668-BE54-9A1E7A4F7556}") = "HouseProject", "HouseProject\HouseProject.csproj", "{A72FB945-1A1D-49E9-A6CE-52F40397D46F}"
EndProject
Project("{9A19103F-16F7-4668-BE54-9A1E7A4F7556}") = "SportskiEkipi", "SportskiEkipi\SportskiEkipi.csproj", "{5236FA9B-FAA4-4990-8C50-6DE9C3F3880C}"
EndProject
Project("{9A19103F-16F7-4668-BE54-9A1E7A4F7556}") = "VEzba", "VEzba\VEzba.csproj", "{1DAA219C-250E-4600-ABBE-5D8C9519C063}"
EndProject
Project("{9A19103F-16F7-4668-BE54-9A1E7A4F7556}") = "TestZoo", "TestZoo\TestZoo.csproj", "{136DF7C3-DC77-4AE4-A6DB-DC0543FF4018}"
EndProject
Project("{9A19103F-16F7-4668-BE54-9A1E7A4F7556}") = "TestDDV", "TestDDV\TestDDV.csproj", "{D47B66FB-FD1B-41A3-999C-199A8C0EA3F5}"
EndProject
Project("{9A19103F-16F7-4668-BE54-9A1E7A4F7556}") = "BeautyShop", "BeautyShop\BeautyShop.csproj", "{7D45EF4D-394B-4BB0-A23D-256218399E0E}"
EndProject
Project("{9A19103F-16F7-4668-BE54-9A1E7A4F7556}") = "TestImot", "TestImot\TestImot.csproj", "{FCAD51FC-1934-4012-992E-ED1B7C22649D}"
EndProject
Project("{9A19103F-16F7-4668-BE54-9A1E7A4F7556}") = "Project", "Project\Project.csproj", "{C291763B-5F25-4198-99F2-A1A3B6D5A9FA}"
EndProject
Project("{9A19103F-16F7-4668-BE54-9A1E7A4F7556}") = "ConsoleApp1", "ConsoleApp1\ConsoleApp1.csproj", "{E0970018-A72F-4B15-9915-07E936E28413}"
EndProject
Project("{9A19103F-16F7-4668-BE54-9A1E7A4F7556}") = "KONCERT", "TestPrimer1\KONCERT.csproj", "{E4871624-FB84-455F-862B-09E60B537957}"
EndProject
Project("{9A19103F-16F7-4668-BE54-9A1E7A4F7556}") = "PrimerProject", "PrimerProject\PrimerProject.csproj", "{F0968225-292B-4AC6-A0D7-37435C52C894}"
EndProject
Project("{0C603C2C-620A-423B-A800-4F3E2F6281F1}") = "DatabaseProject1", "DatabaseProject1\DatabaseProject1.usqldbproj", "{C82D4093-B1E2-4713-9307-22CE3A95A024}"
EndProject
Project("{9A19103F-16F7-4668-BE54-9A1E7A4F7556}") = "ZooAnimalsProject", "ZooAnimalsProject\ZooAnimalsProject.csproj", "{1C5E8551-25EC-48E2-BBD2-C4A19B730466}"
EndProject
Project("{FAE04EC0-301F-11D3-BF4B-00C04F79EFBC}") = "NewDeleteBeautyShop", "NewDeleteBeautyShop\NewDeleteBeautyShop.csproj", "{CD28D739-DF46-4073-B452-9A78A3140CDE}"
EndProject
Global
	GlobalSection(SolutionConfigurationPlatforms) = preSolution
		Debug|Any CPU = Debug|Any CPU
		Release|Any CPU = Release|Any CPU
	EndGlobalSection
	GlobalSection(ProjectConfigurationPlatforms) = postSolution
		{6EE06438-6C58-4D81-8F43-E8AC6F3EF782}.Debug|Any CPU.ActiveCfg = Debug|Any CPU
		{6EE06438-6C58-4D81-8F43-E8AC6F3EF782}.Debug|Any CPU.Build.0 = Debug|Any CPU
		{6EE06438-6C58-4D81-8F43-E8AC6F3EF782}.Release|Any CPU.ActiveCfg = Release|Any CPU
		{6EE06438-6C58-4D81-8F43-E8AC6F3EF782}.Release|Any CPU.Build.0 = Release|Any CPU
		{DA30F37C-4F17-4E89-9D06-D9459B246028}.Debug|Any CPU.ActiveCfg = Debug|Any CPU
		{DA30F37C-4F17-4E89-9D06-D9459B246028}.Debug|Any CPU.Build.0 = Debug|Any CPU
		{DA30F37C-4F17-4E89-9D06-D9459B246028}.Release|Any CPU.ActiveCfg = Release|Any CPU
		{DA30F37C-4F17-4E89-9D06-D9459B246028}.Release|Any CPU.Build.0 = Release|Any CPU
		{82B5C4AF-270B-4AE6-8D41-AE1CCE8D81A7}.Debug|Any CPU.ActiveCfg = Debug|Any CPU
		{82B5C4AF-270B-4AE6-8D41-AE1CCE8D81A7}.Debug|Any CPU.Build.0 = Debug|Any CPU
		{82B5C4AF-270B-4AE6-8D41-AE1CCE8D81A7}.Release|Any CPU.ActiveCfg = Release|Any CPU
		{82B5C4AF-270B-4AE6-8D41-AE1CCE8D81A7}.Release|Any CPU.Build.0 = Release|Any CPU
		{DA39BA76-4DC9-4390-8FD7-9B8511ED3854}.Debug|Any CPU.ActiveCfg = Debug|Any CPU
		{DA39BA76-4DC9-4390-8FD7-9B8511ED3854}.Debug|Any CPU.Build.0 = Debug|Any CPU
		{DA39BA76-4DC9-4390-8FD7-9B8511ED3854}.Release|Any CPU.ActiveCfg = Release|Any CPU
		{DA39BA76-4DC9-4390-8FD7-9B8511ED3854}.Release|Any CPU.Build.0 = Release|Any CPU
		{E70231BF-E2D7-4233-991B-CD457F6B14B6}.Debug|Any CPU.ActiveCfg = Debug|Any CPU
		{E70231BF-E2D7-4233-991B-CD457F6B14B6}.Debug|Any CPU.Build.0 = Debug|Any CPU
		{E70231BF-E2D7-4233-991B-CD457F6B14B6}.Release|Any CPU.ActiveCfg = Release|Any CPU
		{E70231BF-E2D7-4233-991B-CD457F6B14B6}.Release|Any CPU.Build.0 = Release|Any CPU
		{A72FB945-1A1D-49E9-A6CE-52F40397D46F}.Debug|Any CPU.ActiveCfg = Debug|Any CPU
		{A72FB945-1A1D-49E9-A6CE-52F40397D46F}.Debug|Any CPU.Build.0 = Debug|Any CPU
		{A72FB945-1A1D-49E9-A6CE-52F40397D46F}.Release|Any CPU.ActiveCfg = Release|Any CPU
		{A72FB945-1A1D-49E9-A6CE-52F40397D46F}.Release|Any CPU.Build.0 = Release|Any CPU
		{5236FA9B-FAA4-4990-8C50-6DE9C3F3880C}.Debug|Any CPU.ActiveCfg = Debug|Any CPU
		{5236FA9B-FAA4-4990-8C50-6DE9C3F3880C}.Debug|Any CPU.Build.0 = Debug|Any CPU
		{5236FA9B-FAA4-4990-8C50-6DE9C3F3880C}.Release|Any CPU.ActiveCfg = Release|Any CPU
		{5236FA9B-FAA4-4990-8C50-6DE9C3F3880C}.Release|Any CPU.Build.0 = Release|Any CPU
		{1DAA219C-250E-4600-ABBE-5D8C9519C063}.Debug|Any CPU.ActiveCfg = Debug|Any CPU
		{1DAA219C-250E-4600-ABBE-5D8C9519C063}.Debug|Any CPU.Build.0 = Debug|Any CPU
		{1DAA219C-250E-4600-ABBE-5D8C9519C063}.Release|Any CPU.ActiveCfg = Release|Any CPU
		{1DAA219C-250E-4600-ABBE-5D8C9519C063}.Release|Any CPU.Build.0 = Release|Any CPU
		{136DF7C3-DC77-4AE4-A6DB-DC0543FF4018}.Debug|Any CPU.ActiveCfg = Debug|Any CPU
		{136DF7C3-DC77-4AE4-A6DB-DC0543FF4018}.Debug|Any CPU.Build.0 = Debug|Any CPU
		{136DF7C3-DC77-4AE4-A6DB-DC0543FF4018}.Release|Any CPU.ActiveCfg = Release|Any CPU
		{136DF7C3-DC77-4AE4-A6DB-DC0543FF4018}.Release|Any CPU.Build.0 = Release|Any CPU
		{D47B66FB-FD1B-41A3-999C-199A8C0EA3F5}.Debug|Any CPU.ActiveCfg = Debug|Any CPU
		{D47B66FB-FD1B-41A3-999C-199A8C0EA3F5}.Debug|Any CPU.Build.0 = Debug|Any CPU
		{D47B66FB-FD1B-41A3-999C-199A8C0EA3F5}.Release|Any CPU.ActiveCfg = Release|Any CPU
		{D47B66FB-FD1B-41A3-999C-199A8C0EA3F5}.Release|Any CPU.Build.0 = Release|Any CPU
		{7D45EF4D-394B-4BB0-A23D-256218399E0E}.Debug|Any CPU.ActiveCfg = Debug|Any CPU
		{7D45EF4D-394B-4BB0-A23D-256218399E0E}.Debug|Any CPU.Build.0 = Debug|Any CPU
		{7D45EF4D-394B-4BB0-A23D-256218399E0E}.Release|Any CPU.ActiveCfg = Release|Any CPU
		{7D45EF4D-394B-4BB0-A23D-256218399E0E}.Release|Any CPU.Build.0 = Release|Any CPU
		{FCAD51FC-1934-4012-992E-ED1B7C22649D}.Debug|Any CPU.ActiveCfg = Debug|Any CPU
		{FCAD51FC-1934-4012-992E-ED1B7C22649D}.Debug|Any CPU.Build.0 = Debug|Any CPU
		{FCAD51FC-1934-4012-992E-ED1B7C22649D}.Release|Any CPU.ActiveCfg = Release|Any CPU
		{FCAD51FC-1934-4012-992E-ED1B7C22649D}.Release|Any CPU.Build.0 = Release|Any CPU
		{C291763B-5F25-4198-99F2-A1A3B6D5A9FA}.Debug|Any CPU.ActiveCfg = Debug|Any CPU
		{C291763B-5F25-4198-99F2-A1A3B6D5A9FA}.Debug|Any CPU.Build.0 = Debug|Any CPU
		{C291763B-5F25-4198-99F2-A1A3B6D5A9FA}.Release|Any CPU.ActiveCfg = Release|Any CPU
		{C291763B-5F25-4198-99F2-A1A3B6D5A9FA}.Release|Any CPU.Build.0 = Release|Any CPU
		{E0970018-A72F-4B15-9915-07E936E28413}.Debug|Any CPU.ActiveCfg = Debug|Any CPU
		{E0970018-A72F-4B15-9915-07E936E28413}.Debug|Any CPU.Build.0 = Debug|Any CPU
		{E0970018-A72F-4B15-9915-07E936E28413}.Release|Any CPU.ActiveCfg = Release|Any CPU
		{E0970018-A72F-4B15-9915-07E936E28413}.Release|Any CPU.Build.0 = Release|Any CPU
		{E4871624-FB84-455F-862B-09E60B537957}.Debug|Any CPU.ActiveCfg = Debug|Any CPU
		{E4871624-FB84-455F-862B-09E60B537957}.Debug|Any CPU.Build.0 = Debug|Any CPU
		{E4871624-FB84-455F-862B-09E60B537957}.Release|Any CPU.ActiveCfg = Release|Any CPU
		{E4871624-FB84-455F-862B-09E60B537957}.Release|Any CPU.Build.0 = Release|Any CPU
		{F0968225-292B-4AC6-A0D7-37435C52C894}.Debug|Any CPU.ActiveCfg = Debug|Any CPU
		{F0968225-292B-4AC6-A0D7-37435C52C894}.Debug|Any CPU.Build.0 = Debug|Any CPU
		{F0968225-292B-4AC6-A0D7-37435C52C894}.Release|Any CPU.ActiveCfg = Release|Any CPU
		{F0968225-292B-4AC6-A0D7-37435C52C894}.Release|Any CPU.Build.0 = Release|Any CPU
		{C82D4093-B1E2-4713-9307-22CE3A95A024}.Debug|Any CPU.ActiveCfg = Debug|Any CPU
		{C82D4093-B1E2-4713-9307-22CE3A95A024}.Debug|Any CPU.Build.0 = Debug|Any CPU
		{C82D4093-B1E2-4713-9307-22CE3A95A024}.Release|Any CPU.ActiveCfg = Release|Any CPU
		{C82D4093-B1E2-4713-9307-22CE3A95A024}.Release|Any CPU.Build.0 = Release|Any CPU
		{1C5E8551-25EC-48E2-BBD2-C4A19B730466}.Debug|Any CPU.ActiveCfg = Debug|Any CPU
		{1C5E8551-25EC-48E2-BBD2-C4A19B730466}.Debug|Any CPU.Build.0 = Debug|Any CPU
		{1C5E8551-25EC-48E2-BBD2-C4A19B730466}.Release|Any CPU.ActiveCfg = Release|Any CPU
		{1C5E8551-25EC-48E2-BBD2-C4A19B730466}.Release|Any CPU.Build.0 = Release|Any CPU
		{CD28D739-DF46-4073-B452-9A78A3140CDE}.Debug|Any CPU.ActiveCfg = Debug|Any CPU
		{CD28D739-DF46-4073-B452-9A78A3140CDE}.Debug|Any CPU.Build.0 = Debug|Any CPU
		{CD28D739-DF46-4073-B452-9A78A3140CDE}.Release|Any CPU.ActiveCfg = Release|Any CPU
		{CD28D739-DF46-4073-B452-9A78A3140CDE}.Release|Any CPU.Build.0 = Release|Any CPU
	EndGlobalSection
	GlobalSection(SolutionProperties) = preSolution
		HideSolutionNode = FALSE
	EndGlobalSection
	GlobalSection(ExtensibilityGlobals) = postSolution
		SolutionGuid = {5374B2EB-4132-4780-8830-3C22C267D805}
	EndGlobalSection
EndGlobal
